<?xml version="1.0" encoding="utf-8"?>
<Project ToolsVersion="4.0" xmlns="http://schemas.microsoft.com/developer/msbuild/2003">
  <ItemGroup>
    <Filter Include="소스 파일">
      <UniqueIdentifier>{4FC737F1-C7A5-4376-A066-2A32D752A2FF}</UniqueIdentifier>
      <Extensions>cpp;c;cc;cxx;def;odl;idl;hpj;bat;asm;asmx</Extensions>
    </Filter>
    <Filter Include="헤더 파일">
      <UniqueIdentifier>{93995380-89BD-4b04-88EB-625FBE52EBFB}</UniqueIdentifier>
      <Extensions>h;hh;hpp;hxx;hm;inl;inc;ipp;xsd</Extensions>
    </Filter>
    <Filter Include="리소스 파일">
      <UniqueIdentifier>{67DA6AB6-F800-4c08-8B7A-83BB121AAD01}</UniqueIdentifier>
      <Extensions>rc;ico;cur;bmp;dlg;rc2;rct;bin;rgs;gif;jpg;jpeg;jpe;resx;tiff;tif;png;wav;mfcribbon-ms</Extensions>
    </Filter>
    <Filter Include="소스 파일\LeetCode">
      <UniqueIdentifier>{798e5492-946e-4034-b68f-bd473418f546}</UniqueIdentifier>
    </Filter>
    <Filter Include="헤더 파일\LeetCode">
      <UniqueIdentifier>{8daf9970-1699-4103-9e64-9e2f772227e0}</UniqueIdentifier>
    </Filter>
    <Filter Include="소스 파일\Interview">
      <UniqueIdentifier>{c5de44be-dbdf-4b1d-a6d1-f83729786238}</UniqueIdentifier>
    </Filter>
    <Filter Include="헤더 파일\Interview">
      <UniqueIdentifier>{2ba8cca0-5b26-4250-968c-08d4c547e44d}</UniqueIdentifier>
    </Filter>
  </ItemGroup>
  <ItemGroup>
    <ClInclude Include="pch.h">
      <Filter>헤더 파일</Filter>
    </ClInclude>
    <ClInclude Include="Algorithm.h">
      <Filter>헤더 파일</Filter>
    </ClInclude>
    <ClInclude Include="DijkstraAlgorithm.h">
      <Filter>헤더 파일</Filter>
    </ClInclude>
    <ClInclude Include="Palindrome.h">
      <Filter>헤더 파일</Filter>
    </ClInclude>
    <ClInclude Include="Factorial.h">
      <Filter>소스 파일</Filter>
    </ClInclude>
    <ClInclude Include="BinarySearch.h">
      <Filter>소스 파일</Filter>
    </ClInclude>
    <ClInclude Include="RecursiveAlgorithm.h">
      <Filter>헤더 파일</Filter>
    </ClInclude>
    <ClInclude Include="SortAlgorithm.h">
      <Filter>헤더 파일</Filter>
    </ClInclude>
    <ClInclude Include="PrevTest.h">
      <Filter>헤더 파일</Filter>
    </ClInclude>
    <ClInclude Include="LinkedList.h">
      <Filter>헤더 파일</Filter>
    </ClInclude>
    <ClInclude Include="BFS.h">
      <Filter>헤더 파일</Filter>
    </ClInclude>
    <ClInclude Include="RemoveDuplicatesFromSortedArray.h">
      <Filter>헤더 파일\LeetCode</Filter>
    </ClInclude>
    <ClInclude Include="InterView.h">
      <Filter>헤더 파일\Interview</Filter>
    </ClInclude>
    <ClInclude Include="StringToInteger.h">
      <Filter>헤더 파일\LeetCode</Filter>
    </ClInclude>
    <ClInclude Include="ImplementStrStr.h">
      <Filter>헤더 파일\LeetCode</Filter>
    </ClInclude>
    <ClInclude Include="CountAndSay.h">
      <Filter>헤더 파일\LeetCode</Filter>
    </ClInclude>
  </ItemGroup>
  <ItemGroup>
    <ClCompile Include="pch.cpp">
      <Filter>소스 파일</Filter>
    </ClCompile>
    <ClCompile Include="main.cpp">
      <Filter>소스 파일</Filter>
    </ClCompile>
    <ClCompile Include="Algorithm.cpp">
      <Filter>소스 파일</Filter>
    </ClCompile>
    <ClCompile Include="DijkstraAlgorithm.cpp">
      <Filter>소스 파일</Filter>
    </ClCompile>
    <ClCompile Include="Palindrome.cpp">
      <Filter>소스 파일</Filter>
    </ClCompile>
    <ClCompile Include="PrevTest.cpp">
      <Filter>소스 파일</Filter>
    </ClCompile>
    <ClCompile Include="LinkedList.cpp">
      <Filter>소스 파일</Filter>
    </ClCompile>
    <ClCompile Include="BFS.cpp">
      <Filter>소스 파일</Filter>
    </ClCompile>
    <ClCompile Include="InterView.cpp">
      <Filter>소스 파일\Interview</Filter>
    </ClCompile>
  </ItemGroup>
</Project>